
Microsoft Visual Studio Solution File, Format Version 12.00
# Visual Studio Version 16
VisualStudioVersion = 16.0.31729.503
MinimumVisualStudioVersion = 10.0.40219.1
Project("{FAE04EC0-301F-11D3-BF4B-00C04F79EFBC}") = "For_work_with_VK_API.Android", "For_work_with_VK_API.Android\For_work_with_VK_API.Android.csproj", "{6DF93854-ECB5-48A3-A9E9-196E0373FC26}"
EndProject
Project("{FAE04EC0-301F-11D3-BF4B-00C04F79EFBC}") = "For_work_with_VK_API", "For_work_with_VK_API\For_work_with_VK_API.csproj", "{C3D5631E-2E9D-45B4-A3CD-5383DBE61480}"
EndProject
Global
	GlobalSection(SolutionConfigurationPlatforms) = preSolution
		Debug|Any CPU = Debug|Any CPU
		Release|Any CPU = Release|Any CPU
	EndGlobalSection
	GlobalSection(ProjectConfigurationPlatforms) = postSolution
		{6DF93854-ECB5-48A3-A9E9-196E0373FC26}.Debug|Any CPU.ActiveCfg = Debug|Any CPU
		{6DF93854-ECB5-48A3-A9E9-196E0373FC26}.Debug|Any CPU.Build.0 = Debug|Any CPU
		{6DF93854-ECB5-48A3-A9E9-196E0373FC26}.Debug|Any CPU.Deploy.0 = Debug|Any CPU
		{6DF93854-ECB5-48A3-A9E9-196E0373FC26}.Release|Any CPU.ActiveCfg = Release|Any CPU
		{6DF93854-ECB5-48A3-A9E9-196E0373FC26}.Release|Any CPU.Build.0 = Release|Any CPU
		{6DF93854-ECB5-48A3-A9E9-196E0373FC26}.Release|Any CPU.Deploy.0 = Release|Any CPU
		{C3D5631E-2E9D-45B4-A3CD-5383DBE61480}.Debug|Any CPU.ActiveCfg = Debug|Any CPU
		{C3D5631E-2E9D-45B4-A3CD-5383DBE61480}.Debug|Any CPU.Build.0 = Debug|Any CPU
		{C3D5631E-2E9D-45B4-A3CD-5383DBE61480}.Debug|Any CPU.Deploy.0 = Debug|Any CPU
		{C3D5631E-2E9D-45B4-A3CD-5383DBE61480}.Release|Any CPU.ActiveCfg = Release|Any CPU
		{C3D5631E-2E9D-45B4-A3CD-5383DBE61480}.Release|Any CPU.Build.0 = Release|Any CPU
		{C3D5631E-2E9D-45B4-A3CD-5383DBE61480}.Release|Any CPU.Deploy.0 = Release|Any CPU
	EndGlobalSection
	GlobalSection(SolutionProperties) = preSolution
		HideSolutionNode = FALSE
	EndGlobalSection
	GlobalSection(ExtensibilityGlobals) = postSolution
		SolutionGuid = {6DF79B5E-849C-40FA-98DC-D716DBE229FB}
	EndGlobalSection
EndGlobal
